// !$*UTF8*$!
{
	archiveVersion = 1;
	classes = {
	};
	objectVersion = 55;
	objects = {

/* Begin PBXBuildFile section */
		F6272EC72935F46100822902 /* TouchDwonApp.swift in Sources */ = {isa = PBXBuildFile; fileRef = F6272EC62935F46100822902 /* TouchDwonApp.swift */; };
		F6272EC92935F46100822902 /* ContentView.swift in Sources */ = {isa = PBXBuildFile; fileRef = F6272EC82935F46100822902 /* ContentView.swift */; };
		F6272ECB2935F46300822902 /* Assets.xcassets in Resources */ = {isa = PBXBuildFile; fileRef = F6272ECA2935F46300822902 /* Assets.xcassets */; };
		F6272ECE2935F46300822902 /* Preview Assets.xcassets in Resources */ = {isa = PBXBuildFile; fileRef = F6272ECD2935F46300822902 /* Preview Assets.xcassets */; };
		F6272ED82935F4E400822902 /* CodableBundleExtension.swift in Sources */ = {isa = PBXBuildFile; fileRef = F6272ED72935F4E400822902 /* CodableBundleExtension.swift */; };
		F6272EDD2935F4FC00822902 /* Shop.swift in Sources */ = {isa = PBXBuildFile; fileRef = F6272EDA2935F4FC00822902 /* Shop.swift */; };
		F6272EDE2935F4FC00822902 /* Constant.swift in Sources */ = {isa = PBXBuildFile; fileRef = F6272EDB2935F4FC00822902 /* Constant.swift */; };
		F6272EDF2935F4FC00822902 /* CustomShape.swift in Sources */ = {isa = PBXBuildFile; fileRef = F6272EDC2935F4FC00822902 /* CustomShape.swift */; };
		F6272EE52935F58300822902 /* CategoryModel.swift in Sources */ = {isa = PBXBuildFile; fileRef = F6272EE12935F58300822902 /* CategoryModel.swift */; };
		F6272EE62935F58300822902 /* PlayerModel.swift in Sources */ = {isa = PBXBuildFile; fileRef = F6272EE22935F58300822902 /* PlayerModel.swift */; };
		F6272EE72935F58300822902 /* ProductModel.swift in Sources */ = {isa = PBXBuildFile; fileRef = F6272EE32935F58300822902 /* ProductModel.swift */; };
		F6272EE82935F58300822902 /* BrandModel.swift in Sources */ = {isa = PBXBuildFile; fileRef = F6272EE42935F58300822902 /* BrandModel.swift */; };
		F6272EEF2935FF8900822902 /* FooterView.swift in Sources */ = {isa = PBXBuildFile; fileRef = F6272EEE2935FF8900822902 /* FooterView.swift */; };
		F6272EF12936052A00822902 /* NavigationBarView.swift in Sources */ = {isa = PBXBuildFile; fileRef = F6272EF02936052A00822902 /* NavigationBarView.swift */; };
		F6272EF3293637EE00822902 /* LogoView.swift in Sources */ = {isa = PBXBuildFile; fileRef = F6272EF2293637EE00822902 /* LogoView.swift */; };
		F6272EF52937059C00822902 /* FeaturedItemView.swift in Sources */ = {isa = PBXBuildFile; fileRef = F6272EF42937059C00822902 /* FeaturedItemView.swift */; };
		F6272EF72937062100822902 /* FeatureTabView.swift in Sources */ = {isa = PBXBuildFile; fileRef = F6272EF62937062100822902 /* FeatureTabView.swift */; };
		F6272EFD293708AB00822902 /* brand.json in Resources */ = {isa = PBXBuildFile; fileRef = F6272EF9293708AA00822902 /* brand.json */; };
		F6272EFE293708AB00822902 /* player.json in Resources */ = {isa = PBXBuildFile; fileRef = F6272EFA293708AA00822902 /* player.json */; };
		F6272EFF293708AB00822902 /* category.json in Resources */ = {isa = PBXBuildFile; fileRef = F6272EFB293708AA00822902 /* category.json */; };
		F6272F00293708AB00822902 /* product.json in Resources */ = {isa = PBXBuildFile; fileRef = F6272EFC293708AB00822902 /* product.json */; };
		F6272F04293710C500822902 /* CategoryItemView.swift in Sources */ = {isa = PBXBuildFile; fileRef = F6272F03293710C500822902 /* CategoryItemView.swift */; };
		F6272F06293719C100822902 /* CategoryGridView.swift in Sources */ = {isa = PBXBuildFile; fileRef = F6272F05293719C100822902 /* CategoryGridView.swift */; };
		F6272F0829371C6000822902 /* SectionView.swift in Sources */ = {isa = PBXBuildFile; fileRef = F6272F0729371C6000822902 /* SectionView.swift */; };
		F6272F0A29371EF100822902 /* TitleView.swift in Sources */ = {isa = PBXBuildFile; fileRef = F6272F0929371EF100822902 /* TitleView.swift */; };
		F6272F0C29371FE400822902 /* ProductItemView.swift in Sources */ = {isa = PBXBuildFile; fileRef = F6272F0B29371FE400822902 /* ProductItemView.swift */; };
		F6272F0E2937240100822902 /* BrandItemView.swift in Sources */ = {isa = PBXBuildFile; fileRef = F6272F0D2937240100822902 /* BrandItemView.swift */; };
		F6272F102937251300822902 /* BrandGridView.swift in Sources */ = {isa = PBXBuildFile; fileRef = F6272F0F2937251300822902 /* BrandGridView.swift */; };
		F6272F1229372D3E00822902 /* ProductDetailsView.swift in Sources */ = {isa = PBXBuildFile; fileRef = F6272F1129372D3E00822902 /* ProductDetailsView.swift */; };
		F6272F1429372E1600822902 /* NavigationBarDetailView.swift in Sources */ = {isa = PBXBuildFile; fileRef = F6272F1329372E1600822902 /* NavigationBarDetailView.swift */; };
		F6272F1629374FDE00822902 /* HeaderDetailView.swift in Sources */ = {isa = PBXBuildFile; fileRef = F6272F1529374FDE00822902 /* HeaderDetailView.swift */; };
		F6272F182937511F00822902 /* TopPartDetailsView.swift in Sources */ = {isa = PBXBuildFile; fileRef = F6272F172937511F00822902 /* TopPartDetailsView.swift */; };
		F6D65658293DD23E004204B6 /* RatingDetailsView.swift in Sources */ = {isa = PBXBuildFile; fileRef = F6D65657293DD23E004204B6 /* RatingDetailsView.swift */; };
		F6D6565A293DD62E004204B6 /* QuatnityDetailsView.swift in Sources */ = {isa = PBXBuildFile; fileRef = F6D65659293DD62E004204B6 /* QuatnityDetailsView.swift */; };
/* End PBXBuildFile section */

/* Begin PBXFileReference section */
		F6272EC32935F46100822902 /* TouchDwon.app */ = {isa = PBXFileReference; explicitFileType = wrapper.application; includeInIndex = 0; path = TouchDwon.app; sourceTree = BUILT_PRODUCTS_DIR; };
		F6272EC62935F46100822902 /* TouchDwonApp.swift */ = {isa = PBXFileReference; lastKnownFileType = sourcecode.swift; path = TouchDwonApp.swift; sourceTree = "<group>"; };
		F6272EC82935F46100822902 /* ContentView.swift */ = {isa = PBXFileReference; lastKnownFileType = sourcecode.swift; path = ContentView.swift; sourceTree = "<group>"; };
		F6272ECA2935F46300822902 /* Assets.xcassets */ = {isa = PBXFileReference; lastKnownFileType = folder.assetcatalog; path = Assets.xcassets; sourceTree = "<group>"; };
		F6272ECD2935F46300822902 /* Preview Assets.xcassets */ = {isa = PBXFileReference; lastKnownFileType = folder.assetcatalog; path = "Preview Assets.xcassets"; sourceTree = "<group>"; };
		F6272ED72935F4E400822902 /* CodableBundleExtension.swift */ = {isa = PBXFileReference; fileEncoding = 4; lastKnownFileType = sourcecode.swift; path = CodableBundleExtension.swift; sourceTree = "<group>"; };
		F6272EDA2935F4FC00822902 /* Shop.swift */ = {isa = PBXFileReference; fileEncoding = 4; lastKnownFileType = sourcecode.swift; path = Shop.swift; sourceTree = "<group>"; };
		F6272EDB2935F4FC00822902 /* Constant.swift */ = {isa = PBXFileReference; fileEncoding = 4; lastKnownFileType = sourcecode.swift; path = Constant.swift; sourceTree = "<group>"; };
		F6272EDC2935F4FC00822902 /* CustomShape.swift */ = {isa = PBXFileReference; fileEncoding = 4; lastKnownFileType = sourcecode.swift; path = CustomShape.swift; sourceTree = "<group>"; };
		F6272EE12935F58300822902 /* CategoryModel.swift */ = {isa = PBXFileReference; fileEncoding = 4; lastKnownFileType = sourcecode.swift; path = CategoryModel.swift; sourceTree = "<group>"; };
		F6272EE22935F58300822902 /* PlayerModel.swift */ = {isa = PBXFileReference; fileEncoding = 4; lastKnownFileType = sourcecode.swift; path = PlayerModel.swift; sourceTree = "<group>"; };
		F6272EE32935F58300822902 /* ProductModel.swift */ = {isa = PBXFileReference; fileEncoding = 4; lastKnownFileType = sourcecode.swift; path = ProductModel.swift; sourceTree = "<group>"; };
		F6272EE42935F58300822902 /* BrandModel.swift */ = {isa = PBXFileReference; fileEncoding = 4; lastKnownFileType = sourcecode.swift; path = BrandModel.swift; sourceTree = "<group>"; };
		F6272EEA2935FCF400822902 /* Info.plist */ = {isa = PBXFileReference; lastKnownFileType = text.plist; path = Info.plist; sourceTree = "<group>"; };
		F6272EEE2935FF8900822902 /* FooterView.swift */ = {isa = PBXFileReference; lastKnownFileType = sourcecode.swift; path = FooterView.swift; sourceTree = "<group>"; };
		F6272EF02936052A00822902 /* NavigationBarView.swift */ = {isa = PBXFileReference; lastKnownFileType = sourcecode.swift; path = NavigationBarView.swift; sourceTree = "<group>"; };
		F6272EF2293637EE00822902 /* LogoView.swift */ = {isa = PBXFileReference; lastKnownFileType = sourcecode.swift; path = LogoView.swift; sourceTree = "<group>"; };
		F6272EF42937059C00822902 /* FeaturedItemView.swift */ = {isa = PBXFileReference; lastKnownFileType = sourcecode.swift; path = FeaturedItemView.swift; sourceTree = "<group>"; };
		F6272EF62937062100822902 /* FeatureTabView.swift */ = {isa = PBXFileReference; lastKnownFileType = sourcecode.swift; path = FeatureTabView.swift; sourceTree = "<group>"; };
		F6272EF9293708AA00822902 /* brand.json */ = {isa = PBXFileReference; fileEncoding = 4; lastKnownFileType = text.json; path = brand.json; sourceTree = "<group>"; };
		F6272EFA293708AA00822902 /* player.json */ = {isa = PBXFileReference; fileEncoding = 4; lastKnownFileType = text.json; path = player.json; sourceTree = "<group>"; };
		F6272EFB293708AA00822902 /* category.json */ = {isa = PBXFileReference; fileEncoding = 4; lastKnownFileType = text.json; path = category.json; sourceTree = "<group>"; };
		F6272EFC293708AB00822902 /* product.json */ = {isa = PBXFileReference; fileEncoding = 4; lastKnownFileType = text.json; path = product.json; sourceTree = "<group>"; };
		F6272F03293710C500822902 /* CategoryItemView.swift */ = {isa = PBXFileReference; lastKnownFileType = sourcecode.swift; path = CategoryItemView.swift; sourceTree = "<group>"; };
		F6272F05293719C100822902 /* CategoryGridView.swift */ = {isa = PBXFileReference; lastKnownFileType = sourcecode.swift; path = CategoryGridView.swift; sourceTree = "<group>"; };
		F6272F0729371C6000822902 /* SectionView.swift */ = {isa = PBXFileReference; lastKnownFileType = sourcecode.swift; path = SectionView.swift; sourceTree = "<group>"; };
		F6272F0929371EF100822902 /* TitleView.swift */ = {isa = PBXFileReference; lastKnownFileType = sourcecode.swift; path = TitleView.swift; sourceTree = "<group>"; };
		F6272F0B29371FE400822902 /* ProductItemView.swift */ = {isa = PBXFileReference; lastKnownFileType = sourcecode.swift; path = ProductItemView.swift; sourceTree = "<group>"; };
		F6272F0D2937240100822902 /* BrandItemView.swift */ = {isa = PBXFileReference; lastKnownFileType = sourcecode.swift; path = BrandItemView.swift; sourceTree = "<group>"; };
		F6272F0F2937251300822902 /* BrandGridView.swift */ = {isa = PBXFileReference; lastKnownFileType = sourcecode.swift; path = BrandGridView.swift; sourceTree = "<group>"; };
		F6272F1129372D3E00822902 /* ProductDetailsView.swift */ = {isa = PBXFileReference; lastKnownFileType = sourcecode.swift; path = ProductDetailsView.swift; sourceTree = "<group>"; };
		F6272F1329372E1600822902 /* NavigationBarDetailView.swift */ = {isa = PBXFileReference; lastKnownFileType = sourcecode.swift; path = NavigationBarDetailView.swift; sourceTree = "<group>"; };
		F6272F1529374FDE00822902 /* HeaderDetailView.swift */ = {isa = PBXFileReference; lastKnownFileType = sourcecode.swift; path = HeaderDetailView.swift; sourceTree = "<group>"; };
		F6272F172937511F00822902 /* TopPartDetailsView.swift */ = {isa = PBXFileReference; lastKnownFileType = sourcecode.swift; path = TopPartDetailsView.swift; sourceTree = "<group>"; };
		F6D65657293DD23E004204B6 /* RatingDetailsView.swift */ = {isa = PBXFileReference; lastKnownFileType = sourcecode.swift; path = RatingDetailsView.swift; sourceTree = "<group>"; };
		F6D65659293DD62E004204B6 /* QuatnityDetailsView.swift */ = {isa = PBXFileReference; lastKnownFileType = sourcecode.swift; path = QuatnityDetailsView.swift; sourceTree = "<group>"; };
/* End PBXFileReference section */

/* Begin PBXFrameworksBuildPhase section */
		F6272EC02935F46100822902 /* Frameworks */ = {
			isa = PBXFrameworksBuildPhase;
			buildActionMask = 2147483647;
			files = (
			);
			runOnlyForDeploymentPostprocessing = 0;
		};
/* End PBXFrameworksBuildPhase section */

/* Begin PBXGroup section */
		F6272EBA2935F46100822902 = {
			isa = PBXGroup;
			children = (
				F6272EC52935F46100822902 /* TouchDwon */,
				F6272EC42935F46100822902 /* Products */,
			);
			sourceTree = "<group>";
		};
		F6272EC42935F46100822902 /* Products */ = {
			isa = PBXGroup;
			children = (
				F6272EC32935F46100822902 /* TouchDwon.app */,
			);
			name = Products;
			sourceTree = "<group>";
		};
		F6272EC52935F46100822902 /* TouchDwon */ = {
			isa = PBXGroup;
			children = (
				F6272F02293708C300822902 /* Data */,
				F6272EEB2935FD6200822902 /* View */,
				F6272EEA2935FCF400822902 /* Info.plist */,
				F6272EE92935F58800822902 /* Model */,
				F6272EE02935F50300822902 /* Utility */,
				F6272ED92935F4E700822902 /* Extension */,
				F6272ED42935F49A00822902 /* App */,
				F6272ECA2935F46300822902 /* Assets.xcassets */,
				F6272ECC2935F46300822902 /* Preview Content */,
			);
			path = TouchDwon;
			sourceTree = "<group>";
		};
		F6272ECC2935F46300822902 /* Preview Content */ = {
			isa = PBXGroup;
			children = (
				F6272ECD2935F46300822902 /* Preview Assets.xcassets */,
			);
			path = "Preview Content";
			sourceTree = "<group>";
		};
		F6272ED42935F49A00822902 /* App */ = {
			isa = PBXGroup;
			children = (
				F6272EC62935F46100822902 /* TouchDwonApp.swift */,
				F6272EC82935F46100822902 /* ContentView.swift */,
				F6272F1129372D3E00822902 /* ProductDetailsView.swift */,
			);
			path = App;
			sourceTree = "<group>";
		};
		F6272ED92935F4E700822902 /* Extension */ = {
			isa = PBXGroup;
			children = (
				F6272ED72935F4E400822902 /* CodableBundleExtension.swift */,
			);
			path = Extension;
			sourceTree = "<group>";
		};
		F6272EE02935F50300822902 /* Utility */ = {
			isa = PBXGroup;
			children = (
				F6272EDB2935F4FC00822902 /* Constant.swift */,
				F6272EDC2935F4FC00822902 /* CustomShape.swift */,
				F6272EDA2935F4FC00822902 /* Shop.swift */,
			);
			path = Utility;
			sourceTree = "<group>";
		};
		F6272EE92935F58800822902 /* Model */ = {
			isa = PBXGroup;
			children = (
				F6272EE42935F58300822902 /* BrandModel.swift */,
				F6272EE12935F58300822902 /* CategoryModel.swift */,
				F6272EE22935F58300822902 /* PlayerModel.swift */,
				F6272EE32935F58300822902 /* ProductModel.swift */,
			);
			path = Model;
			sourceTree = "<group>";
		};
		F6272EEB2935FD6200822902 /* View */ = {
			isa = PBXGroup;
			children = (
				F6272EED2935FD6F00822902 /* Detail */,
				F6272EEC2935FD6900822902 /* Home */,
			);
			path = View;
			sourceTree = "<group>";
		};
		F6272EEC2935FD6900822902 /* Home */ = {
			isa = PBXGroup;
			children = (
				F6272EEE2935FF8900822902 /* FooterView.swift */,
				F6272EF02936052A00822902 /* NavigationBarView.swift */,
				F6272F0929371EF100822902 /* TitleView.swift */,
				F6272EF2293637EE00822902 /* LogoView.swift */,
				F6272EF42937059C00822902 /* FeaturedItemView.swift */,
				F6272EF62937062100822902 /* FeatureTabView.swift */,
				F6272F03293710C500822902 /* CategoryItemView.swift */,
				F6272F05293719C100822902 /* CategoryGridView.swift */,
				F6272F0B29371FE400822902 /* ProductItemView.swift */,
				F6272F0D2937240100822902 /* BrandItemView.swift */,
				F6272F0729371C6000822902 /* SectionView.swift */,
				F6272F0F2937251300822902 /* BrandGridView.swift */,
			);
			path = Home;
			sourceTree = "<group>";
		};
		F6272EED2935FD6F00822902 /* Detail */ = {
			isa = PBXGroup;
			children = (
				F6272F1329372E1600822902 /* NavigationBarDetailView.swift */,
				F6272F1529374FDE00822902 /* HeaderDetailView.swift */,
				F6272F172937511F00822902 /* TopPartDetailsView.swift */,
				F6D65657293DD23E004204B6 /* RatingDetailsView.swift */,
				F6D65659293DD62E004204B6 /* QuatnityDetailsView.swift */,
			);
			path = Detail;
			sourceTree = "<group>";
		};
		F6272F02293708C300822902 /* Data */ = {
			isa = PBXGroup;
			children = (
				F6272EF9293708AA00822902 /* brand.json */,
				F6272EFB293708AA00822902 /* category.json */,
				F6272EFA293708AA00822902 /* player.json */,
				F6272EFC293708AB00822902 /* product.json */,
			);
			path = Data;
			sourceTree = "<group>";
		};
/* End PBXGroup section */

/* Begin PBXNativeTarget section */
		F6272EC22935F46100822902 /* TouchDwon */ = {
			isa = PBXNativeTarget;
			buildConfigurationList = F6272ED12935F46300822902 /* Build configuration list for PBXNativeTarget "TouchDwon" */;
			buildPhases = (
				F6272EBF2935F46100822902 /* Sources */,
				F6272EC02935F46100822902 /* Frameworks */,
				F6272EC12935F46100822902 /* Resources */,
			);
			buildRules = (
			);
			dependencies = (
			);
			name = TouchDwon;
			productName = TouchDwon;
			productReference = F6272EC32935F46100822902 /* TouchDwon.app */;
			productType = "com.apple.product-type.application";
		};
/* End PBXNativeTarget section */

/* Begin PBXProject section */
		F6272EBB2935F46100822902 /* Project object */ = {
			isa = PBXProject;
			attributes = {
				BuildIndependentTargetsInParallel = 1;
				LastSwiftUpdateCheck = 1340;
				LastUpgradeCheck = 1340;
				TargetAttributes = {
					F6272EC22935F46100822902 = {
						CreatedOnToolsVersion = 13.4.1;
					};
				};
			};
			buildConfigurationList = F6272EBE2935F46100822902 /* Build configuration list for PBXProject "TouchDwon" */;
			compatibilityVersion = "Xcode 13.0";
			developmentRegion = en;
			hasScannedForEncodings = 0;
			knownRegions = (
				en,
				Base,
			);
			mainGroup = F6272EBA2935F46100822902;
			productRefGroup = F6272EC42935F46100822902 /* Products */;
			projectDirPath = "";
			projectRoot = "";
			targets = (
				F6272EC22935F46100822902 /* TouchDwon */,
			);
		};
/* End PBXProject section */

/* Begin PBXResourcesBuildPhase section */
		F6272EC12935F46100822902 /* Resources */ = {
			isa = PBXResourcesBuildPhase;
			buildActionMask = 2147483647;
			files = (
				F6272EFE293708AB00822902 /* player.json in Resources */,
				F6272ECE2935F46300822902 /* Preview Assets.xcassets in Resources */,
				F6272EFF293708AB00822902 /* category.json in Resources */,
				F6272ECB2935F46300822902 /* Assets.xcassets in Resources */,
				F6272EFD293708AB00822902 /* brand.json in Resources */,
				F6272F00293708AB00822902 /* product.json in Resources */,
			);
			runOnlyForDeploymentPostprocessing = 0;
		};
/* End PBXResourcesBuildPhase section */

/* Begin PBXSourcesBuildPhase section */
		F6272EBF2935F46100822902 /* Sources */ = {
			isa = PBXSourcesBuildPhase;
			buildActionMask = 2147483647;
			files = (
				F6272F06293719C100822902 /* CategoryGridView.swift in Sources */,
				F6272EC92935F46100822902 /* ContentView.swift in Sources */,
				F6272F0829371C6000822902 /* SectionView.swift in Sources */,
				F6272F1429372E1600822902 /* NavigationBarDetailView.swift in Sources */,
				F6272EC72935F46100822902 /* TouchDwonApp.swift in Sources */,
				F6272EF12936052A00822902 /* NavigationBarView.swift in Sources */,
				F6272EE62935F58300822902 /* PlayerModel.swift in Sources */,
				F6272F1229372D3E00822902 /* ProductDetailsView.swift in Sources */,
				F6D6565A293DD62E004204B6 /* QuatnityDetailsView.swift in Sources */,
				F6272F0E2937240100822902 /* BrandItemView.swift in Sources */,
				F6272EDF2935F4FC00822902 /* CustomShape.swift in Sources */,
				F6272F1629374FDE00822902 /* HeaderDetailView.swift in Sources */,
				F6272EE72935F58300822902 /* ProductModel.swift in Sources */,
				F6272EF72937062100822902 /* FeatureTabView.swift in Sources */,
				F6272EDE2935F4FC00822902 /* Constant.swift in Sources */,
				F6272EEF2935FF8900822902 /* FooterView.swift in Sources */,
				F6272F102937251300822902 /* BrandGridView.swift in Sources */,
				F6272F04293710C500822902 /* CategoryItemView.swift in Sources */,
				F6272EE52935F58300822902 /* CategoryModel.swift in Sources */,
				F6272F182937511F00822902 /* TopPartDetailsView.swift in Sources */,
				F6272EE82935F58300822902 /* BrandModel.swift in Sources */,
				F6D65658293DD23E004204B6 /* RatingDetailsView.swift in Sources */,
				F6272F0A29371EF100822902 /* TitleView.swift in Sources */,
				F6272F0C29371FE400822902 /* ProductItemView.swift in Sources */,
				F6272ED82935F4E400822902 /* CodableBundleExtension.swift in Sources */,
				F6272EF52937059C00822902 /* FeaturedItemView.swift in Sources */,
				F6272EF3293637EE00822902 /* LogoView.swift in Sources */,
				F6272EDD2935F4FC00822902 /* Shop.swift in Sources */,
			);
			runOnlyForDeploymentPostprocessing = 0;
		};
/* End PBXSourcesBuildPhase section */

/* Begin XCBuildConfiguration section */
		F6272ECF2935F46300822902 /* Debug */ = {
			isa = XCBuildConfiguration;
			buildSettings = {
				ALWAYS_SEARCH_USER_PATHS = NO;
				CLANG_ANALYZER_NONNULL = YES;
				CLANG_ANALYZER_NUMBER_OBJECT_CONVERSION = YES_AGGRESSIVE;
				CLANG_CXX_LANGUAGE_STANDARD = "gnu++17";
				CLANG_ENABLE_MODULES = YES;
				CLANG_ENABLE_OBJC_ARC = YES;
				CLANG_ENABLE_OBJC_WEAK = YES;
				CLANG_WARN_BLOCK_CAPTURE_AUTORELEASING = YES;
				CLANG_WARN_BOOL_CONVERSION = YES;
				CLANG_WARN_COMMA = YES;
				CLANG_WARN_CONSTANT_CONVERSION = YES;
				CLANG_WARN_DEPRECATED_OBJC_IMPLEMENTATIONS = YES;
				CLANG_WARN_DIRECT_OBJC_ISA_USAGE = YES_ERROR;
				CLANG_WARN_DOCUMENTATION_COMMENTS = YES;
				CLANG_WARN_EMPTY_BODY = YES;
				CLANG_WARN_ENUM_CONVERSION = YES;
				CLANG_WARN_INFINITE_RECURSION = YES;
				CLANG_WARN_INT_CONVERSION = YES;
				CLANG_WARN_NON_LITERAL_NULL_CONVERSION = YES;
				CLANG_WARN_OBJC_IMPLICIT_RETAIN_SELF = YES;
				CLANG_WARN_OBJC_LITERAL_CONVERSION = YES;
				CLANG_WARN_OBJC_ROOT_CLASS = YES_ERROR;
				CLANG_WARN_QUOTED_INCLUDE_IN_FRAMEWORK_HEADER = YES;
				CLANG_WARN_RANGE_LOOP_ANALYSIS = YES;
				CLANG_WARN_STRICT_PROTOTYPES = YES;
				CLANG_WARN_SUSPICIOUS_MOVE = YES;
				CLANG_WARN_UNGUARDED_AVAILABILITY = YES_AGGRESSIVE;
				CLANG_WARN_UNREACHABLE_CODE = YES;
				CLANG_WARN__DUPLICATE_METHOD_MATCH = YES;
				COPY_PHASE_STRIP = NO;
				DEBUG_INFORMATION_FORMAT = dwarf;
				ENABLE_STRICT_OBJC_MSGSEND = YES;
				ENABLE_TESTABILITY = YES;
				GCC_C_LANGUAGE_STANDARD = gnu11;
				GCC_DYNAMIC_NO_PIC = NO;
				GCC_NO_COMMON_BLOCKS = YES;
				GCC_OPTIMIZATION_LEVEL = 0;
				GCC_PREPROCESSOR_DEFINITIONS = (
					"DEBUG=1",
					"$(inherited)",
				);
				GCC_WARN_64_TO_32_BIT_CONVERSION = YES;
				GCC_WARN_ABOUT_RETURN_TYPE = YES_ERROR;
				GCC_WARN_UNDECLARED_SELECTOR = YES;
				GCC_WARN_UNINITIALIZED_AUTOS = YES_AGGRESSIVE;
				GCC_WARN_UNUSED_FUNCTION = YES;
				GCC_WARN_UNUSED_VARIABLE = YES;
				IPHONEOS_DEPLOYMENT_TARGET = 15.5;
				MTL_ENABLE_DEBUG_INFO = INCLUDE_SOURCE;
				MTL_FAST_MATH = YES;
				ONLY_ACTIVE_ARCH = YES;
				SDKROOT = iphoneos;
				SWIFT_ACTIVE_COMPILATION_CONDITIONS = DEBUG;
				SWIFT_OPTIMIZATION_LEVEL = "-Onone";
			};
			name = Debug;
		};
		F6272ED02935F46300822902 /* Release */ = {
			isa = XCBuildConfiguration;
			buildSettings = {
				ALWAYS_SEARCH_USER_PATHS = NO;
				CLANG_ANALYZER_NONNULL = YES;
				CLANG_ANALYZER_NUMBER_OBJECT_CONVERSION = YES_AGGRESSIVE;
				CLANG_CXX_LANGUAGE_STANDARD = "gnu++17";
				CLANG_ENABLE_MODULES = YES;
				CLANG_ENABLE_OBJC_ARC = YES;
				CLANG_ENABLE_OBJC_WEAK = YES;
				CLANG_WARN_BLOCK_CAPTURE_AUTORELEASING = YES;
				CLANG_WARN_BOOL_CONVERSION = YES;
				CLANG_WARN_COMMA = YES;
				CLANG_WARN_CONSTANT_CONVERSION = YES;
				CLANG_WARN_DEPRECATED_OBJC_IMPLEMENTATIONS = YES;
				CLANG_WARN_DIRECT_OBJC_ISA_USAGE = YES_ERROR;
				CLANG_WARN_DOCUMENTATION_COMMENTS = YES;
				CLANG_WARN_EMPTY_BODY = YES;
				CLANG_WARN_ENUM_CONVERSION = YES;
				CLANG_WARN_INFINITE_RECURSION = YES;
				CLANG_WARN_INT_CONVERSION = YES;
				CLANG_WARN_NON_LITERAL_NULL_CONVERSION = YES;
				CLANG_WARN_OBJC_IMPLICIT_RETAIN_SELF = YES;
				CLANG_WARN_OBJC_LITERAL_CONVERSION = YES;
				CLANG_WARN_OBJC_ROOT_CLASS = YES_ERROR;
				CLANG_WARN_QUOTED_INCLUDE_IN_FRAMEWORK_HEADER = YES;
				CLANG_WARN_RANGE_LOOP_ANALYSIS = YES;
				CLANG_WARN_STRICT_PROTOTYPES = YES;
				CLANG_WARN_SUSPICIOUS_MOVE = YES;
				CLANG_WARN_UNGUARDED_AVAILABILITY = YES_AGGRESSIVE;
				CLANG_WARN_UNREACHABLE_CODE = YES;
				CLANG_WARN__DUPLICATE_METHOD_MATCH = YES;
				COPY_PHASE_STRIP = NO;
				DEBUG_INFORMATION_FORMAT = "dwarf-with-dsym";
				ENABLE_NS_ASSERTIONS = NO;
				ENABLE_STRICT_OBJC_MSGSEND = YES;
				GCC_C_LANGUAGE_STANDARD = gnu11;
				GCC_NO_COMMON_BLOCKS = YES;
				GCC_WARN_64_TO_32_BIT_CONVERSION = YES;
				GCC_WARN_ABOUT_RETURN_TYPE = YES_ERROR;
				GCC_WARN_UNDECLARED_SELECTOR = YES;
				GCC_WARN_UNINITIALIZED_AUTOS = YES_AGGRESSIVE;
				GCC_WARN_UNUSED_FUNCTION = YES;
				GCC_WARN_UNUSED_VARIABLE = YES;
				IPHONEOS_DEPLOYMENT_TARGET = 15.5;
				MTL_ENABLE_DEBUG_INFO = NO;
				MTL_FAST_MATH = YES;
				SDKROOT = iphoneos;
				SWIFT_COMPILATION_MODE = wholemodule;
				SWIFT_OPTIMIZATION_LEVEL = "-O";
				VALIDATE_PRODUCT = YES;
			};
			name = Release;
		};
		F6272ED22935F46300822902 /* Debug */ = {
			isa = XCBuildConfiguration;
			buildSettings = {
				ASSETCATALOG_COMPILER_APPICON_NAME = AppIcon;
				ASSETCATALOG_COMPILER_GLOBAL_ACCENT_COLOR_NAME = AccentColor;
				CODE_SIGN_STYLE = Automatic;
				CURRENT_PROJECT_VERSION = 1;
				DEVELOPMENT_ASSET_PATHS = "\"TouchDwon/Preview Content\"";
				DEVELOPMENT_TEAM = 75WN78RS4G;
				ENABLE_PREVIEWS = YES;
				GENERATE_INFOPLIST_FILE = YES;
				INFOPLIST_FILE = TouchDwon/Info.plist;
				INFOPLIST_KEY_UIApplicationSceneManifest_Generation = YES;
				INFOPLIST_KEY_UIApplicationSupportsIndirectInputEvents = YES;
				INFOPLIST_KEY_UISupportedInterfaceOrientations_iPad = "UIInterfaceOrientationPortrait UIInterfaceOrientationPortraitUpsideDown UIInterfaceOrientationLandscapeLeft UIInterfaceOrientationLandscapeRight";
				INFOPLIST_KEY_UISupportedInterfaceOrientations_iPhone = "UIInterfaceOrientationPortrait UIInterfaceOrientationLandscapeLeft UIInterfaceOrientationLandscapeRight";
				IPHONEOS_DEPLOYMENT_TARGET = 15.0;
				LD_RUNPATH_SEARCH_PATHS = (
					"$(inherited)",
					"@executable_path/Frameworks",
				);
				MARKETING_VERSION = 1.0;
				PRODUCT_BUNDLE_IDENTIFIER = com.helpshift.TouchDwon;
				PRODUCT_NAME = "$(TARGET_NAME)";
				SWIFT_EMIT_LOC_STRINGS = YES;
				SWIFT_VERSION = 5.0;
				TARGETED_DEVICE_FAMILY = "1,2";
			};
			name = Debug;
		};
		F6272ED32935F46300822902 /* Release */ = {
			isa = XCBuildConfiguration;
			buildSettings = {
				ASSETCATALOG_COMPILER_APPICON_NAME = AppIcon;
				ASSETCATALOG_COMPILER_GLOBAL_ACCENT_COLOR_NAME = AccentColor;
				CODE_SIGN_STYLE = Automatic;
				CURRENT_PROJECT_VERSION = 1;
				DEVELOPMENT_ASSET_PATHS = "\"TouchDwon/Preview Content\"";
				DEVELOPMENT_TEAM = 75WN78RS4G;
				ENABLE_PREVIEWS = YES;
				GENERATE_INFOPLIST_FILE = YES;
				INFOPLIST_FILE = TouchDwon/Info.plist;
				INFOPLIST_KEY_UIApplicationSceneManifest_Generation = YES;
				INFOPLIST_KEY_UIApplicationSupportsIndirectInputEvents = YES;
				INFOPLIST_KEY_UISupportedInterfaceOrientations_iPad = "UIInterfaceOrientationPortrait UIInterfaceOrientationPortraitUpsideDown UIInterfaceOrientationLandscapeLeft UIInterfaceOrientationLandscapeRight";
				INFOPLIST_KEY_UISupportedInterfaceOrientations_iPhone = "UIInterfaceOrientationPortrait UIInterfaceOrientationLandscapeLeft UIInterfaceOrientationLandscapeRight";
				IPHONEOS_DEPLOYMENT_TARGET = 15.0;
				LD_RUNPATH_SEARCH_PATHS = (
					"$(inherited)",
					"@executable_path/Frameworks",
				);
				MARKETING_VERSION = 1.0;
				PRODUCT_BUNDLE_IDENTIFIER = com.helpshift.TouchDwon;
				PRODUCT_NAME = "$(TARGET_NAME)";
				SWIFT_EMIT_LOC_STRINGS = YES;
				SWIFT_VERSION = 5.0;
				TARGETED_DEVICE_FAMILY = "1,2";
			};
			name = Release;
		};
/* End XCBuildConfiguration section */

/* Begin XCConfigurationList section */
		F6272EBE2935F46100822902 /* Build configuration list for PBXProject "TouchDwon" */ = {
			isa = XCConfigurationList;
			buildConfigurations = (
				F6272ECF2935F46300822902 /* Debug */,
				F6272ED02935F46300822902 /* Release */,
			);
			defaultConfigurationIsVisible = 0;
			defaultConfigurationName = Release;
		};
		F6272ED12935F46300822902 /* Build configuration list for PBXNativeTarget "TouchDwon" */ = {
			isa = XCConfigurationList;
			buildConfigurations = (
				F6272ED22935F46300822902 /* Debug */,
				F6272ED32935F46300822902 /* Release */,
			);
			defaultConfigurationIsVisible = 0;
			defaultConfigurationName = Release;
		};
/* End XCConfigurationList section */
	};
	rootObject = F6272EBB2935F46100822902 /* Project object */;
}
